
Microsoft Visual Studio Solution File, Format Version 12.00
# Visual Studio 15
VisualStudioVersion = 15.0.26430.6
MinimumVisualStudioVersion = 10.0.40219.1
Project("{F2A71F9B-5D33-465A-A702-920D77279786}") = "smallptFS", "smallptFS.fsproj", "{6289D75A-45D4-42BD-8E2B-88E6C1F427A6}"
EndProject
Project("{FAE04EC0-301F-11D3-BF4B-00C04F79EFBC}") = "smallptCS", "smallptCS.csproj", "{BFD0349B-082D-4840-A03A-B428B3B27DC1}"
EndProject
Global
	GlobalSection(SolutionConfigurationPlatforms) = preSolution
		Debug|Any CPU = Debug|Any CPU
		Release|Any CPU = Release|Any CPU
	EndGlobalSection
	GlobalSection(ProjectConfigurationPlatforms) = postSolution
		{6289D75A-45D4-42BD-8E2B-88E6C1F427A6}.Debug|Any CPU.ActiveCfg = Debug|Any CPU
		{6289D75A-45D4-42BD-8E2B-88E6C1F427A6}.Debug|Any CPU.Build.0 = Debug|Any CPU
		{6289D75A-45D4-42BD-8E2B-88E6C1F427A6}.Release|Any CPU.ActiveCfg = Release|Any CPU
		{6289D75A-45D4-42BD-8E2B-88E6C1F427A6}.Release|Any CPU.Build.0 = Release|Any CPU
		{BFD0349B-082D-4840-A03A-B428B3B27DC1}.Debug|Any CPU.ActiveCfg = Debug|Any CPU
		{BFD0349B-082D-4840-A03A-B428B3B27DC1}.Debug|Any CPU.Build.0 = Debug|Any CPU
		{BFD0349B-082D-4840-A03A-B428B3B27DC1}.Release|Any CPU.ActiveCfg = Release|Any CPU
		{BFD0349B-082D-4840-A03A-B428B3B27DC1}.Release|Any CPU.Build.0 = Release|Any CPU
	EndGlobalSection
	GlobalSection(SolutionProperties) = preSolution
		HideSolutionNode = FALSE
	EndGlobalSection
EndGlobal
